{
  "version": "5",
  "specifiers": {
    "jsr:@cutout/jsx@*": "0.0.4",
    "jsr:@std/fmt@*": "1.0.10"
  },
  "jsr": {
    "@cutout/jsx@0.0.4": {
      "integrity": "93251e25028fc491f1e92c288fe593375bb2885c8dcf3e76a99b4eacb5f5c4b1"
    },
    "@std/fmt@1.0.10": {
      "integrity": "90dfba288802ac6de82fb31d0917eb9e4450b9925b954d5e51fc29ac07419db5"
    }
  },
  "workspace": {
    "dependencies": [
      "jsr:@cutout/jsx@*",
      "jsr:@cutout/store@*",
      "jsr:@std/fmt@*"
    ]
  }
}
